Microsoft Visual Studio Solution File, Format Version 11.00
# Visual Studio 2008

Project("{26CF1800-F31B-3B2A-FF07-6F0DF17BEE83}") = "RenoTahoe", "Assembly-CSharp-firstpass-vs.csproj", "{02B1FBF7-BBBD-2C6D-6AA0-AB8C842D964E}"
EndProject
Project("{26CF1800-F31B-3B2A-FF07-6F0DF17BEE83}") = "RenoTahoe", "Assembly-CSharp-vs.csproj", "{673136CF-25DC-C1FC-D8C4-D48FECD215BB}"
EndProject
Project("{26CF1800-F31B-3B2A-FF07-6F0DF17BEE83}") = "RenoTahoe", "Assembly-CSharp-Editor-vs.csproj", "{4A5116C5-F07A-87AF-25EF-7ED4645FF657}"
EndProject
Global
	GlobalSection(SolutionConfigurationPlatforms) = preSolution
		Debug|Any CPU = Debug|Any CPU
		Release|Any CPU = Release|Any CPU
	EndGlobalSection
	GlobalSection(ProjectConfigurationPlatforms) = postSolution
		{02B1FBF7-BBBD-2C6D-6AA0-AB8C842D964E}.Debug|Any CPU.ActiveCfg = Debug|Any CPU
		{02B1FBF7-BBBD-2C6D-6AA0-AB8C842D964E}.Debug|Any CPU.Build.0 = Debug|Any CPU
		{02B1FBF7-BBBD-2C6D-6AA0-AB8C842D964E}.Release|Any CPU.ActiveCfg = Release|Any CPU
		{02B1FBF7-BBBD-2C6D-6AA0-AB8C842D964E}.Release|Any CPU.Build.0 = Release|Any CPU
		{673136CF-25DC-C1FC-D8C4-D48FECD215BB}.Debug|Any CPU.ActiveCfg = Debug|Any CPU
		{673136CF-25DC-C1FC-D8C4-D48FECD215BB}.Debug|Any CPU.Build.0 = Debug|Any CPU
		{673136CF-25DC-C1FC-D8C4-D48FECD215BB}.Release|Any CPU.ActiveCfg = Release|Any CPU
		{673136CF-25DC-C1FC-D8C4-D48FECD215BB}.Release|Any CPU.Build.0 = Release|Any CPU
		{4A5116C5-F07A-87AF-25EF-7ED4645FF657}.Debug|Any CPU.ActiveCfg = Debug|Any CPU
		{4A5116C5-F07A-87AF-25EF-7ED4645FF657}.Debug|Any CPU.Build.0 = Debug|Any CPU
		{4A5116C5-F07A-87AF-25EF-7ED4645FF657}.Release|Any CPU.ActiveCfg = Release|Any CPU
		{4A5116C5-F07A-87AF-25EF-7ED4645FF657}.Release|Any CPU.Build.0 = Release|Any CPU
	EndGlobalSection
	GlobalSection(SolutionProperties) = preSolution
		HideSolutionNode = FALSE
	EndGlobalSection
																																																																																																																GlobalSection(MonoDevelopProperties) = preSolution
		StartupItem = Assembly-CSharp.csproj
		Policies = $0
		$0.TextStylePolicy = $1
		$1.inheritsSet = null
		$1.scope = text/x-csharp
		$0.CSharpFormattingPolicy = $2
		$2.inheritsSet = Mono
		$2.inheritsScope = text/x-csharp
		$2.scope = text/x-csharp
		$0.TextStylePolicy = $3
		$3.FileWidth = 120
		$3.TabWidth = 4
		$3.IndentWidth = 4
		$3.EolMarker = Unix
		$3.inheritsSet = Mono
		$3.inheritsScope = text/plain
		$3.scope = text/plain
	EndGlobalSection

EndGlobal
